
Microsoft Visual Studio Solution File, Format Version 12.00
# Visual Studio Version 16
VisualStudioVersion = 16.0.30503.244
MinimumVisualStudioVersion = 10.0.40219.1
Project("{FAE04EC0-301F-11D3-BF4B-00C04F79EFBC}") = "Merge Sort Impl", "Merge Sort Impl\Merge Sort Impl.csproj", "{4F731B75-04F5-40FD-BDBC-2A8960C48CDC}"
EndProject
Global
	GlobalSection(SolutionConfigurationPlatforms) = preSolution
		Debug|Any CPU = Debug|Any CPU
		Release|Any CPU = Release|Any CPU
	EndGlobalSection
	GlobalSection(ProjectConfigurationPlatforms) = postSolution
		{4F731B75-04F5-40FD-BDBC-2A8960C48CDC}.Debug|Any CPU.ActiveCfg = Debug|Any CPU
		{4F731B75-04F5-40FD-BDBC-2A8960C48CDC}.Debug|Any CPU.Build.0 = Debug|Any CPU
		{4F731B75-04F5-40FD-BDBC-2A8960C48CDC}.Release|Any CPU.ActiveCfg = Release|Any CPU
		{4F731B75-04F5-40FD-BDBC-2A8960C48CDC}.Release|Any CPU.Build.0 = Release|Any CPU
	EndGlobalSection
	GlobalSection(SolutionProperties) = preSolution
		HideSolutionNode = FALSE
	EndGlobalSection
	GlobalSection(ExtensibilityGlobals) = postSolution
		SolutionGuid = {2C23332A-EDF3-4D1F-B8B3-91654A988061}
	EndGlobalSection
EndGlobal
